
Microsoft Visual Studio Solution File, Format Version 12.00
# Visual Studio 2012
Project("{2150E333-8FDC-42A3-9474-1A3956D46DE8}") = "Implement", "Implement", "{5E5E084B-A78E-4162-BE87-7F481BF03AF7}"
EndProject
Project("{2150E333-8FDC-42A3-9474-1A3956D46DE8}") = "Interface", "Interface", "{65DD6F8B-56A6-47B3-9B00-DB283A969205}"
EndProject
Project("{FAE04EC0-301F-11D3-BF4B-00C04F79EFBC}") = "Mde.IDAL", "Mde.Interface\Mde.IDAL.csproj", "{1B2CC25C-C942-4959-9481-AB8D60B65E5D}"
EndProject
Project("{FAE04EC0-301F-11D3-BF4B-00C04F79EFBC}") = "Mde.IBLL", "Mde.IBLL\Mde.IBLL.csproj", "{4976BA4D-A61D-453E-9563-9E92DD5E6BB0}"
EndProject
Project("{FAE04EC0-301F-11D3-BF4B-00C04F79EFBC}") = "Mde.Model", "Mde.Model\Mde.Model.csproj", "{879ED4A6-2322-4339-95A0-07BF3A728FCD}"
EndProject
Project("{FAE04EC0-301F-11D3-BF4B-00C04F79EFBC}") = "Mde.ModelView", "Mde.ModelView\Mde.ModelView.csproj", "{F10829E5-569D-42B5-81D8-848FC65EECBF}"
EndProject
Project("{FAE04EC0-301F-11D3-BF4B-00C04F79EFBC}") = "Mde.Portal", "Mde.Portal\Mde.Portal.csproj", "{88FF7B21-4D76-47D0-B8F3-34BA41C8BEF0}"
EndProject
Project("{FAE04EC0-301F-11D3-BF4B-00C04F79EFBC}") = "Mde.Utility", "Mde.Utility\Mde.Utility.csproj", "{B1C2DFD5-AADC-409B-B6FB-CDEA95BACA3D}"
EndProject
Project("{FAE04EC0-301F-11D3-BF4B-00C04F79EFBC}") = "Mde.BLL", "Mde.BLL\Mde.BLL.csproj", "{23A01704-C497-4907-BD37-78B91EB399A7}"
EndProject
Project("{FAE04EC0-301F-11D3-BF4B-00C04F79EFBC}") = "Mde.Common", "Mde.Common\Mde.Common.csproj", "{ED15CF96-ACDE-4BB5-803A-C5EE84E00F62}"
EndProject
Project("{FAE04EC0-301F-11D3-BF4B-00C04F79EFBC}") = "Mde.DAL", "Mde.Implement\Mde.DAL.csproj", "{801BBDD7-8000-45C7-87F2-AA656DD0ABAA}"
EndProject
Global
	GlobalSection(SolutionConfigurationPlatforms) = preSolution
		Debug|Any CPU = Debug|Any CPU
		Release|Any CPU = Release|Any CPU
	EndGlobalSection
	GlobalSection(ProjectConfigurationPlatforms) = postSolution
		{1B2CC25C-C942-4959-9481-AB8D60B65E5D}.Debug|Any CPU.ActiveCfg = Debug|Any CPU
		{1B2CC25C-C942-4959-9481-AB8D60B65E5D}.Debug|Any CPU.Build.0 = Debug|Any CPU
		{1B2CC25C-C942-4959-9481-AB8D60B65E5D}.Release|Any CPU.ActiveCfg = Release|Any CPU
		{1B2CC25C-C942-4959-9481-AB8D60B65E5D}.Release|Any CPU.Build.0 = Release|Any CPU
		{4976BA4D-A61D-453E-9563-9E92DD5E6BB0}.Debug|Any CPU.ActiveCfg = Debug|Any CPU
		{4976BA4D-A61D-453E-9563-9E92DD5E6BB0}.Debug|Any CPU.Build.0 = Debug|Any CPU
		{4976BA4D-A61D-453E-9563-9E92DD5E6BB0}.Release|Any CPU.ActiveCfg = Release|Any CPU
		{4976BA4D-A61D-453E-9563-9E92DD5E6BB0}.Release|Any CPU.Build.0 = Release|Any CPU
		{879ED4A6-2322-4339-95A0-07BF3A728FCD}.Debug|Any CPU.ActiveCfg = Debug|Any CPU
		{879ED4A6-2322-4339-95A0-07BF3A728FCD}.Debug|Any CPU.Build.0 = Debug|Any CPU
		{879ED4A6-2322-4339-95A0-07BF3A728FCD}.Release|Any CPU.ActiveCfg = Release|Any CPU
		{879ED4A6-2322-4339-95A0-07BF3A728FCD}.Release|Any CPU.Build.0 = Release|Any CPU
		{F10829E5-569D-42B5-81D8-848FC65EECBF}.Debug|Any CPU.ActiveCfg = Debug|Any CPU
		{F10829E5-569D-42B5-81D8-848FC65EECBF}.Debug|Any CPU.Build.0 = Debug|Any CPU
		{F10829E5-569D-42B5-81D8-848FC65EECBF}.Release|Any CPU.ActiveCfg = Release|Any CPU
		{F10829E5-569D-42B5-81D8-848FC65EECBF}.Release|Any CPU.Build.0 = Release|Any CPU
		{88FF7B21-4D76-47D0-B8F3-34BA41C8BEF0}.Debug|Any CPU.ActiveCfg = Debug|Any CPU
		{88FF7B21-4D76-47D0-B8F3-34BA41C8BEF0}.Debug|Any CPU.Build.0 = Debug|Any CPU
		{88FF7B21-4D76-47D0-B8F3-34BA41C8BEF0}.Release|Any CPU.ActiveCfg = Release|Any CPU
		{88FF7B21-4D76-47D0-B8F3-34BA41C8BEF0}.Release|Any CPU.Build.0 = Release|Any CPU
		{B1C2DFD5-AADC-409B-B6FB-CDEA95BACA3D}.Debug|Any CPU.ActiveCfg = Debug|Any CPU
		{B1C2DFD5-AADC-409B-B6FB-CDEA95BACA3D}.Debug|Any CPU.Build.0 = Debug|Any CPU
		{B1C2DFD5-AADC-409B-B6FB-CDEA95BACA3D}.Release|Any CPU.ActiveCfg = Release|Any CPU
		{B1C2DFD5-AADC-409B-B6FB-CDEA95BACA3D}.Release|Any CPU.Build.0 = Release|Any CPU
		{23A01704-C497-4907-BD37-78B91EB399A7}.Debug|Any CPU.ActiveCfg = Debug|Any CPU
		{23A01704-C497-4907-BD37-78B91EB399A7}.Debug|Any CPU.Build.0 = Debug|Any CPU
		{23A01704-C497-4907-BD37-78B91EB399A7}.Release|Any CPU.ActiveCfg = Release|Any CPU
		{23A01704-C497-4907-BD37-78B91EB399A7}.Release|Any CPU.Build.0 = Release|Any CPU
		{ED15CF96-ACDE-4BB5-803A-C5EE84E00F62}.Debug|Any CPU.ActiveCfg = Debug|Any CPU
		{ED15CF96-ACDE-4BB5-803A-C5EE84E00F62}.Debug|Any CPU.Build.0 = Debug|Any CPU
		{ED15CF96-ACDE-4BB5-803A-C5EE84E00F62}.Release|Any CPU.ActiveCfg = Release|Any CPU
		{ED15CF96-ACDE-4BB5-803A-C5EE84E00F62}.Release|Any CPU.Build.0 = Release|Any CPU
		{801BBDD7-8000-45C7-87F2-AA656DD0ABAA}.Debug|Any CPU.ActiveCfg = Debug|Any CPU
		{801BBDD7-8000-45C7-87F2-AA656DD0ABAA}.Debug|Any CPU.Build.0 = Debug|Any CPU
		{801BBDD7-8000-45C7-87F2-AA656DD0ABAA}.Release|Any CPU.ActiveCfg = Release|Any CPU
		{801BBDD7-8000-45C7-87F2-AA656DD0ABAA}.Release|Any CPU.Build.0 = Release|Any CPU
	EndGlobalSection
	GlobalSection(SolutionProperties) = preSolution
		HideSolutionNode = FALSE
	EndGlobalSection
	GlobalSection(NestedProjects) = preSolution
		{23A01704-C497-4907-BD37-78B91EB399A7} = {5E5E084B-A78E-4162-BE87-7F481BF03AF7}
		{ED15CF96-ACDE-4BB5-803A-C5EE84E00F62} = {5E5E084B-A78E-4162-BE87-7F481BF03AF7}
		{801BBDD7-8000-45C7-87F2-AA656DD0ABAA} = {5E5E084B-A78E-4162-BE87-7F481BF03AF7}
		{1B2CC25C-C942-4959-9481-AB8D60B65E5D} = {65DD6F8B-56A6-47B3-9B00-DB283A969205}
		{4976BA4D-A61D-453E-9563-9E92DD5E6BB0} = {65DD6F8B-56A6-47B3-9B00-DB283A969205}
	EndGlobalSection
EndGlobal
